
Microsoft Visual Studio Solution File, Format Version 12.00
# Visual Studio Version 16
VisualStudioVersion = 16.0.30717.126
MinimumVisualStudioVersion = 10.0.40219.1
Project("{FAE04EC0-301F-11D3-BF4B-00C04F79EFBC}") = "TempProject", "TempProject.csproj", "{EDEF2904-00AB-4CB8-A58B-3C29C448C510}"
EndProject
Global
	GlobalSection(SolutionConfigurationPlatforms) = preSolution
		Debug|Any CPU = Debug|Any CPU
		Release|Any CPU = Release|Any CPU
	EndGlobalSection
	GlobalSection(ProjectConfigurationPlatforms) = postSolution
		{EDEF2904-00AB-4CB8-A58B-3C29C448C510}.Debug|Any CPU.ActiveCfg = Debug|Any CPU
		{EDEF2904-00AB-4CB8-A58B-3C29C448C510}.Debug|Any CPU.Build.0 = Debug|Any CPU
		{EDEF2904-00AB-4CB8-A58B-3C29C448C510}.Release|Any CPU.ActiveCfg = Release|Any CPU
		{EDEF2904-00AB-4CB8-A58B-3C29C448C510}.Release|Any CPU.Build.0 = Release|Any CPU
	EndGlobalSection
	GlobalSection(SolutionProperties) = preSolution
		HideSolutionNode = FALSE
	EndGlobalSection
	GlobalSection(ExtensibilityGlobals) = postSolution
		SolutionGuid = {B2E96654-352A-4DD2-BFC2-0784ED3040B7}
	EndGlobalSection
EndGlobal
